
Microsoft Visual Studio Solution File, Format Version 12.00
# Visual Studio 15
VisualStudioVersion = 15.0.28307.271
MinimumVisualStudioVersion = 10.0.40219.1
Project("{F184B08F-C81C-45F6-A57F-5ABD9991F28F}") = "GabrielLegawaLab05", "GabrielLegawaLab05\GabrielLegawaLab05.vbproj", "{260A6BDF-B014-492E-882A-C891D298EA61}"
EndProject
Global
	GlobalSection(SolutionConfigurationPlatforms) = preSolution
		Debug|Any CPU = Debug|Any CPU
		Release|Any CPU = Release|Any CPU
	EndGlobalSection
	GlobalSection(ProjectConfigurationPlatforms) = postSolution
		{260A6BDF-B014-492E-882A-C891D298EA61}.Debug|Any CPU.ActiveCfg = Debug|Any CPU
		{260A6BDF-B014-492E-882A-C891D298EA61}.Debug|Any CPU.Build.0 = Debug|Any CPU
		{260A6BDF-B014-492E-882A-C891D298EA61}.Release|Any CPU.ActiveCfg = Release|Any CPU
		{260A6BDF-B014-492E-882A-C891D298EA61}.Release|Any CPU.Build.0 = Release|Any CPU
	EndGlobalSection
	GlobalSection(SolutionProperties) = preSolution
		HideSolutionNode = FALSE
	EndGlobalSection
	GlobalSection(ExtensibilityGlobals) = postSolution
		SolutionGuid = {7398ED16-4E30-4A74-807A-21B150C6B9D6}
	EndGlobalSection
EndGlobal
